
Microsoft Visual Studio Solution File, Format Version 12.00
# Visual Studio Version 17
VisualStudioVersion = 17.6.33815.320
MinimumVisualStudioVersion = 10.0.40219.1
Project("{9A19103F-16F7-4668-BE54-9A1E7A4F7556}") = "1_StringManipulation", "1_StringManipulation\1_StringManipulation.csproj", "{5EEA9F6A-8E93-465B-8A86-FEB2C3641EFA}"
EndProject
Project("{9A19103F-16F7-4668-BE54-9A1E7A4F7556}") = "3_Date Formatting", "3_Date Formatting\3_Date Formatting.csproj", "{CF1D2BD3-364E-4FC2-9C24-B8B5155C0E28}"
EndProject
Project("{9A19103F-16F7-4668-BE54-9A1E7A4F7556}") = "4_Validation", "4_Validation\4_Validation.csproj", "{865D910A-A3E0-45F8-8B11-E56D460103EC}"
EndProject
Project("{9A19103F-16F7-4668-BE54-9A1E7A4F7556}") = "5_String Trimming", "5_String Trimming\5_String Trimming.csproj", "{7F9F6EE8-BBC5-4757-BEA8-F0B39CA2EC1F}"
EndProject
Project("{9A19103F-16F7-4668-BE54-9A1E7A4F7556}") = "6_Object Serialization", "6_Object Serialization\6_Object Serialization.csproj", "{AA23D50A-5CF0-4BF3-A5F8-C405485780A5}"
EndProject
Project("{9A19103F-16F7-4668-BE54-9A1E7A4F7556}") = "7_Number Rounding", "7_Number Rounding\7_Number Rounding.csproj", "{8CD148E5-1AD4-4D6D-90F7-37E6F0A5F448}"
EndProject
Project("{9A19103F-16F7-4668-BE54-9A1E7A4F7556}") = "8_FileHandling", "8_FileHandling\8_FileHandling.csproj", "{9DD901C4-1315-4965-BDD2-605574E4E28C}"
EndProject
Project("{9A19103F-16F7-4668-BE54-9A1E7A4F7556}") = "9_Data Conversion", "9_Data Conversion\9_Data Conversion.csproj", "{FFDDBF00-A3C1-40EE-93F0-CEC4A9BEEF18}"
EndProject
Project("{FAE04EC0-301F-11D3-BF4B-00C04F79EFBC}") = "2_Collection Sorting", "2_Collection Sorting\2_Collection Sorting.csproj", "{D62225CC-C10B-4454-B6A1-E23F5235BD6C}"
EndProject
Project("{FAE04EC0-301F-11D3-BF4B-00C04F79EFBC}") = "10_LINQIntegration", "10_LINQIntegration\10_LINQIntegration.csproj", "{4EFFB820-B817-44D7-A881-2F2FCB119693}"
EndProject
Project("{FAE04EC0-301F-11D3-BF4B-00C04F79EFBC}") = "11_Call_Data_Analysis", "11_Call_Data_Analysis\11_Call_Data_Analysis.csproj", "{56C10585-B2CA-422B-BCF0-73116E77A2B1}"
EndProject
Project("{FAE04EC0-301F-11D3-BF4B-00C04F79EFBC}") = "12_SMSFiltering", "12_SMSFiltering\12_SMSFiltering.csproj", "{91A893B3-2190-4E4A-95B2-301404E99D6C}"
EndProject
Project("{FAE04EC0-301F-11D3-BF4B-00C04F79EFBC}") = "13_PhoneNumberFormatting", "13_PhoneNumberFormatting\13_PhoneNumberFormatting.csproj", "{AACFEF08-64F7-4405-A8F8-E4EB9E2BD4D2}"
EndProject
Global
	GlobalSection(SolutionConfigurationPlatforms) = preSolution
		Debug|Any CPU = Debug|Any CPU
		Release|Any CPU = Release|Any CPU
	EndGlobalSection
	GlobalSection(ProjectConfigurationPlatforms) = postSolution
		{5EEA9F6A-8E93-465B-8A86-FEB2C3641EFA}.Debug|Any CPU.ActiveCfg = Debug|Any CPU
		{5EEA9F6A-8E93-465B-8A86-FEB2C3641EFA}.Debug|Any CPU.Build.0 = Debug|Any CPU
		{5EEA9F6A-8E93-465B-8A86-FEB2C3641EFA}.Release|Any CPU.ActiveCfg = Release|Any CPU
		{5EEA9F6A-8E93-465B-8A86-FEB2C3641EFA}.Release|Any CPU.Build.0 = Release|Any CPU
		{CF1D2BD3-364E-4FC2-9C24-B8B5155C0E28}.Debug|Any CPU.ActiveCfg = Debug|Any CPU
		{CF1D2BD3-364E-4FC2-9C24-B8B5155C0E28}.Debug|Any CPU.Build.0 = Debug|Any CPU
		{CF1D2BD3-364E-4FC2-9C24-B8B5155C0E28}.Release|Any CPU.ActiveCfg = Release|Any CPU
		{CF1D2BD3-364E-4FC2-9C24-B8B5155C0E28}.Release|Any CPU.Build.0 = Release|Any CPU
		{865D910A-A3E0-45F8-8B11-E56D460103EC}.Debug|Any CPU.ActiveCfg = Debug|Any CPU
		{865D910A-A3E0-45F8-8B11-E56D460103EC}.Debug|Any CPU.Build.0 = Debug|Any CPU
		{865D910A-A3E0-45F8-8B11-E56D460103EC}.Release|Any CPU.ActiveCfg = Release|Any CPU
		{865D910A-A3E0-45F8-8B11-E56D460103EC}.Release|Any CPU.Build.0 = Release|Any CPU
		{7F9F6EE8-BBC5-4757-BEA8-F0B39CA2EC1F}.Debug|Any CPU.ActiveCfg = Debug|Any CPU
		{7F9F6EE8-BBC5-4757-BEA8-F0B39CA2EC1F}.Debug|Any CPU.Build.0 = Debug|Any CPU
		{7F9F6EE8-BBC5-4757-BEA8-F0B39CA2EC1F}.Release|Any CPU.ActiveCfg = Release|Any CPU
		{7F9F6EE8-BBC5-4757-BEA8-F0B39CA2EC1F}.Release|Any CPU.Build.0 = Release|Any CPU
		{AA23D50A-5CF0-4BF3-A5F8-C405485780A5}.Debug|Any CPU.ActiveCfg = Debug|Any CPU
		{AA23D50A-5CF0-4BF3-A5F8-C405485780A5}.Debug|Any CPU.Build.0 = Debug|Any CPU
		{AA23D50A-5CF0-4BF3-A5F8-C405485780A5}.Release|Any CPU.ActiveCfg = Release|Any CPU
		{AA23D50A-5CF0-4BF3-A5F8-C405485780A5}.Release|Any CPU.Build.0 = Release|Any CPU
		{8CD148E5-1AD4-4D6D-90F7-37E6F0A5F448}.Debug|Any CPU.ActiveCfg = Debug|Any CPU
		{8CD148E5-1AD4-4D6D-90F7-37E6F0A5F448}.Debug|Any CPU.Build.0 = Debug|Any CPU
		{8CD148E5-1AD4-4D6D-90F7-37E6F0A5F448}.Release|Any CPU.ActiveCfg = Release|Any CPU
		{8CD148E5-1AD4-4D6D-90F7-37E6F0A5F448}.Release|Any CPU.Build.0 = Release|Any CPU
		{9DD901C4-1315-4965-BDD2-605574E4E28C}.Debug|Any CPU.ActiveCfg = Debug|Any CPU
		{9DD901C4-1315-4965-BDD2-605574E4E28C}.Debug|Any CPU.Build.0 = Debug|Any CPU
		{9DD901C4-1315-4965-BDD2-605574E4E28C}.Release|Any CPU.ActiveCfg = Release|Any CPU
		{9DD901C4-1315-4965-BDD2-605574E4E28C}.Release|Any CPU.Build.0 = Release|Any CPU
		{FFDDBF00-A3C1-40EE-93F0-CEC4A9BEEF18}.Debug|Any CPU.ActiveCfg = Debug|Any CPU
		{FFDDBF00-A3C1-40EE-93F0-CEC4A9BEEF18}.Debug|Any CPU.Build.0 = Debug|Any CPU
		{FFDDBF00-A3C1-40EE-93F0-CEC4A9BEEF18}.Release|Any CPU.ActiveCfg = Release|Any CPU
		{FFDDBF00-A3C1-40EE-93F0-CEC4A9BEEF18}.Release|Any CPU.Build.0 = Release|Any CPU
		{D62225CC-C10B-4454-B6A1-E23F5235BD6C}.Debug|Any CPU.ActiveCfg = Debug|Any CPU
		{D62225CC-C10B-4454-B6A1-E23F5235BD6C}.Debug|Any CPU.Build.0 = Debug|Any CPU
		{D62225CC-C10B-4454-B6A1-E23F5235BD6C}.Release|Any CPU.ActiveCfg = Release|Any CPU
		{D62225CC-C10B-4454-B6A1-E23F5235BD6C}.Release|Any CPU.Build.0 = Release|Any CPU
		{4EFFB820-B817-44D7-A881-2F2FCB119693}.Debug|Any CPU.ActiveCfg = Debug|Any CPU
		{4EFFB820-B817-44D7-A881-2F2FCB119693}.Debug|Any CPU.Build.0 = Debug|Any CPU
		{4EFFB820-B817-44D7-A881-2F2FCB119693}.Release|Any CPU.ActiveCfg = Release|Any CPU
		{4EFFB820-B817-44D7-A881-2F2FCB119693}.Release|Any CPU.Build.0 = Release|Any CPU
		{56C10585-B2CA-422B-BCF0-73116E77A2B1}.Debug|Any CPU.ActiveCfg = Debug|Any CPU
		{56C10585-B2CA-422B-BCF0-73116E77A2B1}.Debug|Any CPU.Build.0 = Debug|Any CPU
		{56C10585-B2CA-422B-BCF0-73116E77A2B1}.Release|Any CPU.ActiveCfg = Release|Any CPU
		{56C10585-B2CA-422B-BCF0-73116E77A2B1}.Release|Any CPU.Build.0 = Release|Any CPU
		{91A893B3-2190-4E4A-95B2-301404E99D6C}.Debug|Any CPU.ActiveCfg = Debug|Any CPU
		{91A893B3-2190-4E4A-95B2-301404E99D6C}.Debug|Any CPU.Build.0 = Debug|Any CPU
		{91A893B3-2190-4E4A-95B2-301404E99D6C}.Release|Any CPU.ActiveCfg = Release|Any CPU
		{91A893B3-2190-4E4A-95B2-301404E99D6C}.Release|Any CPU.Build.0 = Release|Any CPU
		{AACFEF08-64F7-4405-A8F8-E4EB9E2BD4D2}.Debug|Any CPU.ActiveCfg = Debug|Any CPU
		{AACFEF08-64F7-4405-A8F8-E4EB9E2BD4D2}.Debug|Any CPU.Build.0 = Debug|Any CPU
		{AACFEF08-64F7-4405-A8F8-E4EB9E2BD4D2}.Release|Any CPU.ActiveCfg = Release|Any CPU
		{AACFEF08-64F7-4405-A8F8-E4EB9E2BD4D2}.Release|Any CPU.Build.0 = Release|Any CPU
	EndGlobalSection
	GlobalSection(SolutionProperties) = preSolution
		HideSolutionNode = FALSE
	EndGlobalSection
	GlobalSection(ExtensibilityGlobals) = postSolution
		SolutionGuid = {329C561E-A16D-48ED-94FD-A714B043552E}
	EndGlobalSection
EndGlobal
